
Microsoft Visual Studio Solution File, Format Version 12.00
# Visual Studio Version 17
VisualStudioVersion = 17.10.35013.160
MinimumVisualStudioVersion = 10.0.40219.1
Project("{9A19103F-16F7-4668-BE54-9A1E7A4F7556}") = "TicTacToe", "TicTacToe.csproj", "{4E2A861F-3E36-4EF6-9666-447629FE8F0B}"
EndProject
Global
	GlobalSection(SolutionConfigurationPlatforms) = preSolution
		Debug|Any CPU = Debug|Any CPU
		Release|Any CPU = Release|Any CPU
	EndGlobalSection
	GlobalSection(ProjectConfigurationPlatforms) = postSolution
		{4E2A861F-3E36-4EF6-9666-447629FE8F0B}.Debug|Any CPU.ActiveCfg = Debug|Any CPU
		{4E2A861F-3E36-4EF6-9666-447629FE8F0B}.Debug|Any CPU.Build.0 = Debug|Any CPU
		{4E2A861F-3E36-4EF6-9666-447629FE8F0B}.Release|Any CPU.ActiveCfg = Release|Any CPU
		{4E2A861F-3E36-4EF6-9666-447629FE8F0B}.Release|Any CPU.Build.0 = Release|Any CPU
	EndGlobalSection
	GlobalSection(SolutionProperties) = preSolution
		HideSolutionNode = FALSE
	EndGlobalSection
	GlobalSection(ExtensibilityGlobals) = postSolution
		SolutionGuid = {F1F04295-790C-46DE-98C7-5F242E723C9D}
	EndGlobalSection
EndGlobal
